
Microsoft Visual Studio Solution File, Format Version 12.00
# Visual Studio Version 17
VisualStudioVersion = 17.14.36414.22 d17.14
MinimumVisualStudioVersion = 10.0.40219.1
Project("{FAE04EC0-301F-11D3-BF4B-00C04F79EFBC}") = "MiniStravaBackend", "MiniStravaBackend\MiniStravaBackend.csproj", "{B369ED9C-854F-4E6D-A230-563D329CFCBC}"
EndProject
Global
	GlobalSection(SolutionConfigurationPlatforms) = preSolution
		Debug|Any CPU = Debug|Any CPU
		Release|Any CPU = Release|Any CPU
	EndGlobalSection
	GlobalSection(ProjectConfigurationPlatforms) = postSolution
		{B369ED9C-854F-4E6D-A230-563D329CFCBC}.Debug|Any CPU.ActiveCfg = Debug|Any CPU
		{B369ED9C-854F-4E6D-A230-563D329CFCBC}.Debug|Any CPU.Build.0 = Debug|Any CPU
		{B369ED9C-854F-4E6D-A230-563D329CFCBC}.Release|Any CPU.ActiveCfg = Release|Any CPU
		{B369ED9C-854F-4E6D-A230-563D329CFCBC}.Release|Any CPU.Build.0 = Release|Any CPU
	EndGlobalSection
	GlobalSection(SolutionProperties) = preSolution
		HideSolutionNode = FALSE
	EndGlobalSection
	GlobalSection(ExtensibilityGlobals) = postSolution
		SolutionGuid = {C04176A4-67BF-4293-8821-0406331F5704}
	EndGlobalSection
EndGlobal
